
Microsoft Visual Studio Solution File, Format Version 12.00
# Visual Studio Version 17
VisualStudioVersion = 17.3.32819.101
MinimumVisualStudioVersion = 10.0.40219.1
Project("{FAE04EC0-301F-11D3-BF4B-00C04F79EFBC}") = "exercise 11", "exercise 11.csproj", "{AA1E453A-271B-4249-B8E6-608925C9E713}"
EndProject
Global
	GlobalSection(SolutionConfigurationPlatforms) = preSolution
		Debug|Any CPU = Debug|Any CPU
		Release|Any CPU = Release|Any CPU
	EndGlobalSection
	GlobalSection(ProjectConfigurationPlatforms) = postSolution
		{AA1E453A-271B-4249-B8E6-608925C9E713}.Debug|Any CPU.ActiveCfg = Debug|Any CPU
		{AA1E453A-271B-4249-B8E6-608925C9E713}.Debug|Any CPU.Build.0 = Debug|Any CPU
		{AA1E453A-271B-4249-B8E6-608925C9E713}.Release|Any CPU.ActiveCfg = Release|Any CPU
		{AA1E453A-271B-4249-B8E6-608925C9E713}.Release|Any CPU.Build.0 = Release|Any CPU
	EndGlobalSection
	GlobalSection(SolutionProperties) = preSolution
		HideSolutionNode = FALSE
	EndGlobalSection
	GlobalSection(ExtensibilityGlobals) = postSolution
		SolutionGuid = {FD038D99-EC53-4356-A24C-66B42C7F1FCD}
	EndGlobalSection
EndGlobal
